// !$*UTF8*$!
{
	archiveVersion = 1;
	classes = {
	};
	objectVersion = 46;
	objects = {

/* Begin PBXBuildFile section */
		832BCE731B09E4AC00FE15E2 /* GameQ_OSX_2_0.xcdatamodeld in Sources */ = {isa = PBXBuildFile; fileRef = 832BCE711B09E4AC00FE15E2 /* GameQ_OSX_2_0.xcdatamodeld */; };
		832BCE751B09E4AC00FE15E2 /* Images.xcassets in Resources */ = {isa = PBXBuildFile; fileRef = 832BCE741B09E4AC00FE15E2 /* Images.xcassets */; };
		832BCE841B09E4AC00FE15E2 /* GameQ_OSX_2_0Tests.swift in Sources */ = {isa = PBXBuildFile; fileRef = 832BCE831B09E4AC00FE15E2 /* GameQ_OSX_2_0Tests.swift */; };
		832BCE8E1B09EA6300FE15E2 /* libpcap.dylib in Frameworks */ = {isa = PBXBuildFile; fileRef = 832BCE8D1B09EA6300FE15E2 /* libpcap.dylib */; };
		AE0D7E9C1B1D9EFE00B23150 /* MasterViewController.swift in Sources */ = {isa = PBXBuildFile; fileRef = AE0D7E9B1B1D9EFE00B23150 /* MasterViewController.swift */; };
		AE0D7E9D1B1DA60300B23150 /* MasterViewController.swift in Sources */ = {isa = PBXBuildFile; fileRef = AE0D7E9B1B1D9EFE00B23150 /* MasterViewController.swift */; };
		AE199A331B32E76100EC5870 /* Helpers.swift in Sources */ = {isa = PBXBuildFile; fileRef = AE199A321B32E76100EC5870 /* Helpers.swift */; };
		AE199A341B32E80300EC5870 /* Helpers.swift in Sources */ = {isa = PBXBuildFile; fileRef = AE199A321B32E76100EC5870 /* Helpers.swift */; };
		AE199A361B33038E00EC5870 /* Draft1.png in Resources */ = {isa = PBXBuildFile; fileRef = AE199A351B33038E00EC5870 /* Draft1.png */; };
		AE1B694B1B38C09800D0FA73 /* QueueTimer.swift in Sources */ = {isa = PBXBuildFile; fileRef = AE1B694A1B38C09800D0FA73 /* QueueTimer.swift */; };
		AE1B694C1B38C6A800D0FA73 /* QueueTimer.swift in Sources */ = {isa = PBXBuildFile; fileRef = AE1B694A1B38C09800D0FA73 /* QueueTimer.swift */; };
		AE226CB71B2316D0009B7D9B /* CSGODetector.swift in Sources */ = {isa = PBXBuildFile; fileRef = AE226CB61B2316D0009B7D9B /* CSGODetector.swift */; };
		AE226CB81B2318F5009B7D9B /* CSGODetector.swift in Sources */ = {isa = PBXBuildFile; fileRef = AE226CB61B2316D0009B7D9B /* CSGODetector.swift */; };
		AE238C111B19F4BF00B6ED09 /* SwiftCSV.swift in Sources */ = {isa = PBXBuildFile; fileRef = AE238C101B19F4BF00B6ED09 /* SwiftCSV.swift */; };
		AE415BAC1B3C001600B609F3 /* GameDetector.swift in Sources */ = {isa = PBXBuildFile; fileRef = AE415BAB1B3C001600B609F3 /* GameDetector.swift */; };
		AE546D2B1B19DEBF008D8A86 /* AppDelegate.swift in Sources */ = {isa = PBXBuildFile; fileRef = AE98AC2B1B18A30500E5F382 /* AppDelegate.swift */; };
		AE546D2C1B19DEBF008D8A86 /* DataHandler.swift in Sources */ = {isa = PBXBuildFile; fileRef = AE98AC171B18A2AC00E5F382 /* DataHandler.swift */; };
		AE546D2D1B19DEBF008D8A86 /* Packet.swift in Sources */ = {isa = PBXBuildFile; fileRef = AE98AC1B1B18A2AC00E5F382 /* Packet.swift */; };
		AE546D2E1B19DEBF008D8A86 /* PacketParser.m in Sources */ = {isa = PBXBuildFile; fileRef = AE98AC1D1B18A2AC00E5F382 /* PacketParser.m */; };
		AE546D2F1B19DEBF008D8A86 /* PacketDetector.swift in Sources */ = {isa = PBXBuildFile; fileRef = AE98AC1E1B18A2AC00E5F382 /* PacketDetector.swift */; };
		AE546D301B19DEBF008D8A86 /* DotaDetector.swift in Sources */ = {isa = PBXBuildFile; fileRef = AE98AC291B18A2BF00E5F382 /* DotaDetector.swift */; };
		AE546D311B19DEBF008D8A86 /* GameStatus.swift in Sources */ = {isa = PBXBuildFile; fileRef = AE98AC201B18A2AC00E5F382 /* GameStatus.swift */; };
		AE546D361B19E7E1008D8A86 /* libpcap.dylib in Frameworks */ = {isa = PBXBuildFile; fileRef = 832BCE8D1B09EA6300FE15E2 /* libpcap.dylib */; };
		AE8C42101B374D000050D686 /* ContainerViewController.swift in Sources */ = {isa = PBXBuildFile; fileRef = AE8C420F1B374D000050D686 /* ContainerViewController.swift */; };
		AE98AC211B18A2AC00E5F382 /* DataHandler.swift in Sources */ = {isa = PBXBuildFile; fileRef = AE98AC171B18A2AC00E5F382 /* DataHandler.swift */; };
		AE98AC241B18A2AC00E5F382 /* Packet.swift in Sources */ = {isa = PBXBuildFile; fileRef = AE98AC1B1B18A2AC00E5F382 /* Packet.swift */; };
		AE98AC251B18A2AC00E5F382 /* PacketParser.m in Sources */ = {isa = PBXBuildFile; fileRef = AE98AC1D1B18A2AC00E5F382 /* PacketParser.m */; };
		AE98AC261B18A2AC00E5F382 /* PacketDetector.swift in Sources */ = {isa = PBXBuildFile; fileRef = AE98AC1E1B18A2AC00E5F382 /* PacketDetector.swift */; };
		AE98AC281B18A2AC00E5F382 /* GameStatus.swift in Sources */ = {isa = PBXBuildFile; fileRef = AE98AC201B18A2AC00E5F382 /* GameStatus.swift */; };
		AE98AC2A1B18A2BF00E5F382 /* DotaDetector.swift in Sources */ = {isa = PBXBuildFile; fileRef = AE98AC291B18A2BF00E5F382 /* DotaDetector.swift */; };
		AE98AC2C1B18A30500E5F382 /* AppDelegate.swift in Sources */ = {isa = PBXBuildFile; fileRef = AE98AC2B1B18A30500E5F382 /* AppDelegate.swift */; };
		AEA350B31B20A5370096B682 /* GameDetectorProtocol.swift in Sources */ = {isa = PBXBuildFile; fileRef = AEA350B21B20A5370096B682 /* GameDetectorProtocol.swift */; };
		AEA350B41B20A5CA0096B682 /* GameDetectorProtocol.swift in Sources */ = {isa = PBXBuildFile; fileRef = AEA350B21B20A5370096B682 /* GameDetectorProtocol.swift */; };
		AEACCC2B1B3734BA00271BBC /* Timer.swift in Sources */ = {isa = PBXBuildFile; fileRef = AEACCC2A1B3734BA00271BBC /* Timer.swift */; };
		AEACCC2C1B3735D900271BBC /* Timer.swift in Sources */ = {isa = PBXBuildFile; fileRef = AEACCC2A1B3734BA00271BBC /* Timer.swift */; };
		AEC97A6F1B3448E800FE752D /* MyCustomSwiftAnimator.swift in Sources */ = {isa = PBXBuildFile; fileRef = AEC97A6D1B3448E800FE752D /* MyCustomSwiftAnimator.swift */; };
		AEC97A701B3448E800FE752D /* MyCustomSwiftSegue.swift in Sources */ = {isa = PBXBuildFile; fileRef = AEC97A6E1B3448E800FE752D /* MyCustomSwiftSegue.swift */; };
		AECB07481B207367001C7C18 /* MasterController.swift in Sources */ = {isa = PBXBuildFile; fileRef = AECB07471B207367001C7C18 /* MasterController.swift */; };
		AECB07491B207812001C7C18 /* MasterController.swift in Sources */ = {isa = PBXBuildFile; fileRef = AECB07471B207367001C7C18 /* MasterController.swift */; };
		AEF4B5B11B343C2E0001AF42 /* Main.storyboard in Resources */ = {isa = PBXBuildFile; fileRef = AEF4B5AF1B343C2E0001AF42 /* Main.storyboard */; };
		AEF4B5B21B343C2E0001AF42 /* LoginViewController.swift in Sources */ = {isa = PBXBuildFile; fileRef = AEF4B5B01B343C2E0001AF42 /* LoginViewController.swift */; };
		AEF4B5B51B343C7A0001AF42 /* WindowController.swift in Sources */ = {isa = PBXBuildFile; fileRef = AEF4B5B31B343C7A0001AF42 /* WindowController.swift */; };
/* End PBXBuildFile section */

/* Begin PBXContainerItemProxy section */
		AE238C141B1A0C7900B6ED09 /* PBXContainerItemProxy */ = {
			isa = PBXContainerItemProxy;
			containerPortal = 832BCE621B09E4AC00FE15E2 /* Project object */;
			proxyType = 1;
			remoteGlobalIDString = 832BCE691B09E4AC00FE15E2;
			remoteInfo = "GameQ-OSX-2.0";
		};
/* End PBXContainerItemProxy section */

/* Begin PBXFileReference section */
		832BCE6A1B09E4AC00FE15E2 /* GameQ-OSX-2.0.app */ = {isa = PBXFileReference; explicitFileType = wrapper.application; includeInIndex = 0; path = "GameQ-OSX-2.0.app"; sourceTree = BUILT_PRODUCTS_DIR; };
		832BCE6E1B09E4AC00FE15E2 /* Info.plist */ = {isa = PBXFileReference; lastKnownFileType = text.plist.xml; path = Info.plist; sourceTree = "<group>"; };
		832BCE721B09E4AC00FE15E2 /* GameQ_OSX_2_0.xcdatamodel */ = {isa = PBXFileReference; lastKnownFileType = wrapper.xcdatamodel; path = GameQ_OSX_2_0.xcdatamodel; sourceTree = "<group>"; };
		832BCE741B09E4AC00FE15E2 /* Images.xcassets */ = {isa = PBXFileReference; lastKnownFileType = folder.assetcatalog; path = Images.xcassets; sourceTree = "<group>"; };
		832BCE7D1B09E4AC00FE15E2 /* GameQ-OSX-2.0Tests.xctest */ = {isa = PBXFileReference; explicitFileType = wrapper.cfbundle; includeInIndex = 0; path = "GameQ-OSX-2.0Tests.xctest"; sourceTree = BUILT_PRODUCTS_DIR; };
		832BCE821B09E4AC00FE15E2 /* Info.plist */ = {isa = PBXFileReference; lastKnownFileType = text.plist.xml; path = Info.plist; sourceTree = "<group>"; };
		832BCE831B09E4AC00FE15E2 /* GameQ_OSX_2_0Tests.swift */ = {isa = PBXFileReference; lastKnownFileType = sourcecode.swift; path = GameQ_OSX_2_0Tests.swift; sourceTree = "<group>"; };
		832BCE8D1B09EA6300FE15E2 /* libpcap.dylib */ = {isa = PBXFileReference; lastKnownFileType = "compiled.mach-o.dylib"; name = libpcap.dylib; path = usr/lib/libpcap.dylib; sourceTree = SDKROOT; };
		832BCE971B09FA0800FE15E2 /* GameQ-OSX-2.0-Bridging-Header.h */ = {isa = PBXFileReference; lastKnownFileType = sourcecode.c.h; name = "GameQ-OSX-2.0-Bridging-Header.h"; path = "GameQ-OSX-2.0/GameQ-OSX-2.0-Bridging-Header.h"; sourceTree = SOURCE_ROOT; };
		AE0D7E9B1B1D9EFE00B23150 /* MasterViewController.swift */ = {isa = PBXFileReference; fileEncoding = 4; lastKnownFileType = sourcecode.swift; path = MasterViewController.swift; sourceTree = "<group>"; };
		AE199A321B32E76100EC5870 /* Helpers.swift */ = {isa = PBXFileReference; fileEncoding = 4; lastKnownFileType = sourcecode.swift; path = Helpers.swift; sourceTree = "<group>"; };
		AE199A351B33038E00EC5870 /* Draft1.png */ = {isa = PBXFileReference; lastKnownFileType = image.png; path = Draft1.png; sourceTree = "<group>"; };
		AE1B694A1B38C09800D0FA73 /* QueueTimer.swift */ = {isa = PBXFileReference; fileEncoding = 4; lastKnownFileType = sourcecode.swift; path = QueueTimer.swift; sourceTree = "<group>"; };
		AE226CB61B2316D0009B7D9B /* CSGODetector.swift */ = {isa = PBXFileReference; fileEncoding = 4; lastKnownFileType = sourcecode.swift; path = CSGODetector.swift; sourceTree = "<group>"; };
		AE238C101B19F4BF00B6ED09 /* SwiftCSV.swift */ = {isa = PBXFileReference; fileEncoding = 4; lastKnownFileType = sourcecode.swift; path = SwiftCSV.swift; sourceTree = "<group>"; };
		AE415BAB1B3C001600B609F3 /* GameDetector.swift */ = {isa = PBXFileReference; fileEncoding = 4; lastKnownFileType = sourcecode.swift; path = GameDetector.swift; sourceTree = "<group>"; };
		AE8C420F1B374D000050D686 /* ContainerViewController.swift */ = {isa = PBXFileReference; fileEncoding = 4; lastKnownFileType = sourcecode.swift; path = ContainerViewController.swift; sourceTree = "<group>"; };
		AE98AC171B18A2AC00E5F382 /* DataHandler.swift */ = {isa = PBXFileReference; fileEncoding = 4; lastKnownFileType = sourcecode.swift; path = DataHandler.swift; sourceTree = "<group>"; };
		AE98AC1B1B18A2AC00E5F382 /* Packet.swift */ = {isa = PBXFileReference; fileEncoding = 4; lastKnownFileType = sourcecode.swift; path = Packet.swift; sourceTree = "<group>"; };
		AE98AC1C1B18A2AC00E5F382 /* PacketParser.h */ = {isa = PBXFileReference; fileEncoding = 4; lastKnownFileType = sourcecode.c.h; path = PacketParser.h; sourceTree = "<group>"; };
		AE98AC1D1B18A2AC00E5F382 /* PacketParser.m */ = {isa = PBXFileReference; fileEncoding = 4; lastKnownFileType = sourcecode.c.objc; path = PacketParser.m; sourceTree = "<group>"; };
		AE98AC1E1B18A2AC00E5F382 /* PacketDetector.swift */ = {isa = PBXFileReference; fileEncoding = 4; lastKnownFileType = sourcecode.swift; path = PacketDetector.swift; sourceTree = "<group>"; };
		AE98AC201B18A2AC00E5F382 /* GameStatus.swift */ = {isa = PBXFileReference; fileEncoding = 4; lastKnownFileType = sourcecode.swift; path = GameStatus.swift; sourceTree = "<group>"; };
		AE98AC291B18A2BF00E5F382 /* DotaDetector.swift */ = {isa = PBXFileReference; fileEncoding = 4; lastKnownFileType = sourcecode.swift; path = DotaDetector.swift; sourceTree = "<group>"; };
		AE98AC2B1B18A30500E5F382 /* AppDelegate.swift */ = {isa = PBXFileReference; fileEncoding = 4; lastKnownFileType = sourcecode.swift; path = AppDelegate.swift; sourceTree = "<group>"; };
		AEA350B21B20A5370096B682 /* GameDetectorProtocol.swift */ = {isa = PBXFileReference; fileEncoding = 4; lastKnownFileType = sourcecode.swift; path = GameDetectorProtocol.swift; sourceTree = "<group>"; };
		AEACCC2A1B3734BA00271BBC /* Timer.swift */ = {isa = PBXFileReference; fileEncoding = 4; lastKnownFileType = sourcecode.swift; path = Timer.swift; sourceTree = "<group>"; };
		AEC97A6D1B3448E800FE752D /* MyCustomSwiftAnimator.swift */ = {isa = PBXFileReference; fileEncoding = 4; lastKnownFileType = sourcecode.swift; path = MyCustomSwiftAnimator.swift; sourceTree = "<group>"; };
		AEC97A6E1B3448E800FE752D /* MyCustomSwiftSegue.swift */ = {isa = PBXFileReference; fileEncoding = 4; lastKnownFileType = sourcecode.swift; path = MyCustomSwiftSegue.swift; sourceTree = "<group>"; };
		AECB07471B207367001C7C18 /* MasterController.swift */ = {isa = PBXFileReference; fileEncoding = 4; lastKnownFileType = sourcecode.swift; path = MasterController.swift; sourceTree = "<group>"; };
		AEF4B5AF1B343C2E0001AF42 /* Main.storyboard */ = {isa = PBXFileReference; fileEncoding = 4; lastKnownFileType = file.storyboard; path = Main.storyboard; sourceTree = "<group>"; };
		AEF4B5B01B343C2E0001AF42 /* LoginViewController.swift */ = {isa = PBXFileReference; fileEncoding = 4; lastKnownFileType = sourcecode.swift; path = LoginViewController.swift; sourceTree = "<group>"; };
		AEF4B5B31B343C7A0001AF42 /* WindowController.swift */ = {isa = PBXFileReference; fileEncoding = 4; lastKnownFileType = sourcecode.swift; path = WindowController.swift; sourceTree = "<group>"; };
/* End PBXFileReference section */

/* Begin PBXFrameworksBuildPhase section */
		832BCE671B09E4AC00FE15E2 /* Frameworks */ = {
			isa = PBXFrameworksBuildPhase;
			buildActionMask = 2147483647;
			files = (
				832BCE8E1B09EA6300FE15E2 /* libpcap.dylib in Frameworks */,
			);
			runOnlyForDeploymentPostprocessing = 0;
		};
		832BCE7A1B09E4AC00FE15E2 /* Frameworks */ = {
			isa = PBXFrameworksBuildPhase;
			buildActionMask = 2147483647;
			files = (
				AE546D361B19E7E1008D8A86 /* libpcap.dylib in Frameworks */,
			);
			runOnlyForDeploymentPostprocessing = 0;
		};
/* End PBXFrameworksBuildPhase section */

/* Begin PBXGroup section */
		832BCE611B09E4AC00FE15E2 = {
			isa = PBXGroup;
			children = (
				832BCE6C1B09E4AC00FE15E2 /* GameQ-OSX-2.0 */,
				832BCE801B09E4AC00FE15E2 /* GameQ-OSX-2.0Tests */,
				832BCE6B1B09E4AC00FE15E2 /* Products */,
			);
			sourceTree = "<group>";
		};
		832BCE6B1B09E4AC00FE15E2 /* Products */ = {
			isa = PBXGroup;
			children = (
				832BCE6A1B09E4AC00FE15E2 /* GameQ-OSX-2.0.app */,
				832BCE7D1B09E4AC00FE15E2 /* GameQ-OSX-2.0Tests.xctest */,
			);
			name = Products;
			sourceTree = "<group>";
		};
		832BCE6C1B09E4AC00FE15E2 /* GameQ-OSX-2.0 */ = {
			isa = PBXGroup;
			children = (
				AEF4B5AF1B343C2E0001AF42 /* Main.storyboard */,
				AE8C42111B374D160050D686 /* View Controllers */,
				AE0D7E9A1B1D9B5200B23150 /* Controller Classes */,
				AE98AC2D1B18A32800E5F382 /* DataHandlers */,
				AEA350B51B20A6340096B682 /* GameDetectors */,
				AE98AC2F1B18A34200E5F382 /* PacketParsers */,
				AECB074B1B207E84001C7C18 /* Custom Structs */,
				832BCE6D1B09E4AC00FE15E2 /* Supporting Files */,
			);
			path = "GameQ-OSX-2.0";
			sourceTree = "<group>";
		};
		832BCE6D1B09E4AC00FE15E2 /* Supporting Files */ = {
			isa = PBXGroup;
			children = (
				AEEF87C51B1DBA7C00DDD45D /* Logos */,
				832BCE711B09E4AC00FE15E2 /* GameQ_OSX_2_0.xcdatamodeld */,
				AE199A321B32E76100EC5870 /* Helpers.swift */,
				AEACCC2A1B3734BA00271BBC /* Timer.swift */,
				AE1B694A1B38C09800D0FA73 /* QueueTimer.swift */,
				AEC97A6D1B3448E800FE752D /* MyCustomSwiftAnimator.swift */,
				AEC97A6E1B3448E800FE752D /* MyCustomSwiftSegue.swift */,
				832BCE741B09E4AC00FE15E2 /* Images.xcassets */,
				832BCE8D1B09EA6300FE15E2 /* libpcap.dylib */,
				832BCE6E1B09E4AC00FE15E2 /* Info.plist */,
			);
			name = "Supporting Files";
			sourceTree = "<group>";
		};
		832BCE801B09E4AC00FE15E2 /* GameQ-OSX-2.0Tests */ = {
			isa = PBXGroup;
			children = (
				832BCE831B09E4AC00FE15E2 /* GameQ_OSX_2_0Tests.swift */,
				AE238C101B19F4BF00B6ED09 /* SwiftCSV.swift */,
				832BCE811B09E4AC00FE15E2 /* Supporting Files */,
			);
			path = "GameQ-OSX-2.0Tests";
			sourceTree = "<group>";
		};
		832BCE811B09E4AC00FE15E2 /* Supporting Files */ = {
			isa = PBXGroup;
			children = (
				832BCE821B09E4AC00FE15E2 /* Info.plist */,
			);
			name = "Supporting Files";
			sourceTree = "<group>";
		};
		AE0D7E9A1B1D9B5200B23150 /* Controller Classes */ = {
			isa = PBXGroup;
			children = (
				AECB07471B207367001C7C18 /* MasterController.swift */,
				AE98AC2B1B18A30500E5F382 /* AppDelegate.swift */,
			);
			name = "Controller Classes";
			sourceTree = "<group>";
		};
		AE8C42111B374D160050D686 /* View Controllers */ = {
			isa = PBXGroup;
			children = (
				AE8C420F1B374D000050D686 /* ContainerViewController.swift */,
				AEF4B5B01B343C2E0001AF42 /* LoginViewController.swift */,
				AEF4B5B31B343C7A0001AF42 /* WindowController.swift */,
				AE0D7E9B1B1D9EFE00B23150 /* MasterViewController.swift */,
			);
			name = "View Controllers";
			sourceTree = "<group>";
		};
		AE98AC2D1B18A32800E5F382 /* DataHandlers */ = {
			isa = PBXGroup;
			children = (
				AE98AC171B18A2AC00E5F382 /* DataHandler.swift */,
			);
			name = DataHandlers;
			sourceTree = "<group>";
		};
		AE98AC2F1B18A34200E5F382 /* PacketParsers */ = {
			isa = PBXGroup;
			children = (
				832BCE971B09FA0800FE15E2 /* GameQ-OSX-2.0-Bridging-Header.h */,
				AE98AC1C1B18A2AC00E5F382 /* PacketParser.h */,
				AE98AC1D1B18A2AC00E5F382 /* PacketParser.m */,
			);
			name = PacketParsers;
			sourceTree = "<group>";
		};
		AE98AC301B18A37100E5F382 /* PacketDetectors */ = {
			isa = PBXGroup;
			children = (
				AE98AC1E1B18A2AC00E5F382 /* PacketDetector.swift */,
				AE98AC291B18A2BF00E5F382 /* DotaDetector.swift */,
				AE226CB61B2316D0009B7D9B /* CSGODetector.swift */,
			);
			name = PacketDetectors;
			sourceTree = "<group>";
		};
		AEA350B51B20A6340096B682 /* GameDetectors */ = {
			isa = PBXGroup;
			children = (
				AEA350B21B20A5370096B682 /* GameDetectorProtocol.swift */,
				AE415BAB1B3C001600B609F3 /* GameDetector.swift */,
				AE98AC301B18A37100E5F382 /* PacketDetectors */,
			);
			name = GameDetectors;
			sourceTree = "<group>";
		};
		AECB074B1B207E84001C7C18 /* Custom Structs */ = {
			isa = PBXGroup;
			children = (
				AE98AC201B18A2AC00E5F382 /* GameStatus.swift */,
				AE98AC1B1B18A2AC00E5F382 /* Packet.swift */,
			);
			name = "Custom Structs";
			sourceTree = "<group>";
		};
		AEEF87C51B1DBA7C00DDD45D /* Logos */ = {
			isa = PBXGroup;
			children = (
				AE199A351B33038E00EC5870 /* Draft1.png */,
			);
			name = Logos;
			sourceTree = "<group>";
		};
/* End PBXGroup section */

/* Begin PBXNativeTarget section */
		832BCE691B09E4AC00FE15E2 /* GameQ-OSX-2.0 */ = {
			isa = PBXNativeTarget;
			buildConfigurationList = 832BCE871B09E4AC00FE15E2 /* Build configuration list for PBXNativeTarget "GameQ-OSX-2.0" */;
			buildPhases = (
				832BCE661B09E4AC00FE15E2 /* Sources */,
				832BCE671B09E4AC00FE15E2 /* Frameworks */,
				832BCE681B09E4AC00FE15E2 /* Resources */,
			);
			buildRules = (
			);
			dependencies = (
			);
			name = "GameQ-OSX-2.0";
			productName = "GameQ-OSX-2.0";
			productReference = 832BCE6A1B09E4AC00FE15E2 /* GameQ-OSX-2.0.app */;
			productType = "com.apple.product-type.application";
		};
		832BCE7C1B09E4AC00FE15E2 /* GameQ-OSX-2.0Tests */ = {
			isa = PBXNativeTarget;
			buildConfigurationList = 832BCE8A1B09E4AC00FE15E2 /* Build configuration list for PBXNativeTarget "GameQ-OSX-2.0Tests" */;
			buildPhases = (
				832BCE791B09E4AC00FE15E2 /* Sources */,
				832BCE7A1B09E4AC00FE15E2 /* Frameworks */,
				832BCE7B1B09E4AC00FE15E2 /* Resources */,
			);
			buildRules = (
			);
			dependencies = (
				AE238C151B1A0C7900B6ED09 /* PBXTargetDependency */,
			);
			name = "GameQ-OSX-2.0Tests";
			productName = "GameQ-OSX-2.0Tests";
			productReference = 832BCE7D1B09E4AC00FE15E2 /* GameQ-OSX-2.0Tests.xctest */;
			productType = "com.apple.product-type.bundle.unit-test";
		};
/* End PBXNativeTarget section */

/* Begin PBXProject section */
		832BCE621B09E4AC00FE15E2 /* Project object */ = {
			isa = PBXProject;
			attributes = {
				LastUpgradeCheck = 0630;
				ORGANIZATIONNAME = "GameQ AB";
				TargetAttributes = {
					832BCE691B09E4AC00FE15E2 = {
						CreatedOnToolsVersion = 6.3.1;
					};
					832BCE7C1B09E4AC00FE15E2 = {
						CreatedOnToolsVersion = 6.3.1;
						TestTargetID = 832BCE691B09E4AC00FE15E2;
					};
				};
			};
			buildConfigurationList = 832BCE651B09E4AC00FE15E2 /* Build configuration list for PBXProject "GameQ-OSX-2.0" */;
			compatibilityVersion = "Xcode 3.2";
			developmentRegion = English;
			hasScannedForEncodings = 0;
			knownRegions = (
				en,
				Base,
			);
			mainGroup = 832BCE611B09E4AC00FE15E2;
			productRefGroup = 832BCE6B1B09E4AC00FE15E2 /* Products */;
			projectDirPath = "";
			projectRoot = "";
			targets = (
				832BCE691B09E4AC00FE15E2 /* GameQ-OSX-2.0 */,
				832BCE7C1B09E4AC00FE15E2 /* GameQ-OSX-2.0Tests */,
			);
		};
/* End PBXProject section */

/* Begin PBXResourcesBuildPhase section */
		832BCE681B09E4AC00FE15E2 /* Resources */ = {
			isa = PBXResourcesBuildPhase;
			buildActionMask = 2147483647;
			files = (
				832BCE751B09E4AC00FE15E2 /* Images.xcassets in Resources */,
				AE199A361B33038E00EC5870 /* Draft1.png in Resources */,
				AEF4B5B11B343C2E0001AF42 /* Main.storyboard in Resources */,
			);
			runOnlyForDeploymentPostprocessing = 0;
		};
		832BCE7B1B09E4AC00FE15E2 /* Resources */ = {
			isa = PBXResourcesBuildPhase;
			buildActionMask = 2147483647;
			files = (
			);
			runOnlyForDeploymentPostprocessing = 0;
		};
/* End PBXResourcesBuildPhase section */

/* Begin PBXSourcesBuildPhase section */
		832BCE661B09E4AC00FE15E2 /* Sources */ = {
			isa = PBXSourcesBuildPhase;
			buildActionMask = 2147483647;
			files = (
				AECB07481B207367001C7C18 /* MasterController.swift in Sources */,
				AE98AC2C1B18A30500E5F382 /* AppDelegate.swift in Sources */,
				AE98AC2A1B18A2BF00E5F382 /* DotaDetector.swift in Sources */,
				AEACCC2B1B3734BA00271BBC /* Timer.swift in Sources */,
				AEC97A701B3448E800FE752D /* MyCustomSwiftSegue.swift in Sources */,
				AEC97A6F1B3448E800FE752D /* MyCustomSwiftAnimator.swift in Sources */,
				AE98AC211B18A2AC00E5F382 /* DataHandler.swift in Sources */,
				AEA350B31B20A5370096B682 /* GameDetectorProtocol.swift in Sources */,
				AE98AC241B18A2AC00E5F382 /* Packet.swift in Sources */,
				AE98AC251B18A2AC00E5F382 /* PacketParser.m in Sources */,
				AE98AC281B18A2AC00E5F382 /* GameStatus.swift in Sources */,
				AE1B694B1B38C09800D0FA73 /* QueueTimer.swift in Sources */,
				AE0D7E9C1B1D9EFE00B23150 /* MasterViewController.swift in Sources */,
				832BCE731B09E4AC00FE15E2 /* GameQ_OSX_2_0.xcdatamodeld in Sources */,
				AEF4B5B51B343C7A0001AF42 /* WindowController.swift in Sources */,
				AE8C42101B374D000050D686 /* ContainerViewController.swift in Sources */,
				AE98AC261B18A2AC00E5F382 /* PacketDetector.swift in Sources */,
				AE415BAC1B3C001600B609F3 /* GameDetector.swift in Sources */,
				AE199A331B32E76100EC5870 /* Helpers.swift in Sources */,
				AEF4B5B21B343C2E0001AF42 /* LoginViewController.swift in Sources */,
				AE226CB71B2316D0009B7D9B /* CSGODetector.swift in Sources */,
			);
			runOnlyForDeploymentPostprocessing = 0;
		};
		832BCE791B09E4AC00FE15E2 /* Sources */ = {
			isa = PBXSourcesBuildPhase;
			buildActionMask = 2147483647;
			files = (
				AE546D2C1B19DEBF008D8A86 /* DataHandler.swift in Sources */,
				AECB07491B207812001C7C18 /* MasterController.swift in Sources */,
				AE546D2B1B19DEBF008D8A86 /* AppDelegate.swift in Sources */,
				AE546D2D1B19DEBF008D8A86 /* Packet.swift in Sources */,
				832BCE841B09E4AC00FE15E2 /* GameQ_OSX_2_0Tests.swift in Sources */,
				AE546D2E1B19DEBF008D8A86 /* PacketParser.m in Sources */,
				AEA350B41B20A5CA0096B682 /* GameDetectorProtocol.swift in Sources */,
				AE546D311B19DEBF008D8A86 /* GameStatus.swift in Sources */,
				AE546D301B19DEBF008D8A86 /* DotaDetector.swift in Sources */,
				AE238C111B19F4BF00B6ED09 /* SwiftCSV.swift in Sources */,
				AE199A341B32E80300EC5870 /* Helpers.swift in Sources */,
				AE546D2F1B19DEBF008D8A86 /* PacketDetector.swift in Sources */,
				AE0D7E9D1B1DA60300B23150 /* MasterViewController.swift in Sources */,
				AE226CB81B2318F5009B7D9B /* CSGODetector.swift in Sources */,
				AEACCC2C1B3735D900271BBC /* Timer.swift in Sources */,
				AE1B694C1B38C6A800D0FA73 /* QueueTimer.swift in Sources */,
			);
			runOnlyForDeploymentPostprocessing = 0;
		};
/* End PBXSourcesBuildPhase section */

/* Begin PBXTargetDependency section */
		AE238C151B1A0C7900B6ED09 /* PBXTargetDependency */ = {
			isa = PBXTargetDependency;
			target = 832BCE691B09E4AC00FE15E2 /* GameQ-OSX-2.0 */;
			targetProxy = AE238C141B1A0C7900B6ED09 /* PBXContainerItemProxy */;
		};
/* End PBXTargetDependency section */

/* Begin XCBuildConfiguration section */
		832BCE851B09E4AC00FE15E2 /* Debug */ = {
			isa = XCBuildConfiguration;
			buildSettings = {
				ALWAYS_SEARCH_USER_PATHS = NO;
				CLANG_CXX_LANGUAGE_STANDARD = "gnu++0x";
				CLANG_CXX_LIBRARY = "libc++";
				CLANG_ENABLE_MODULES = YES;
				CLANG_ENABLE_OBJC_ARC = YES;
				CLANG_WARN_BOOL_CONVERSION = YES;
				CLANG_WARN_CONSTANT_CONVERSION = YES;
				CLANG_WARN_DIRECT_OBJC_ISA_USAGE = YES_ERROR;
				CLANG_WARN_EMPTY_BODY = YES;
				CLANG_WARN_ENUM_CONVERSION = YES;
				CLANG_WARN_INT_CONVERSION = YES;
				CLANG_WARN_OBJC_ROOT_CLASS = YES_ERROR;
				CLANG_WARN_UNREACHABLE_CODE = YES;
				CLANG_WARN__DUPLICATE_METHOD_MATCH = YES;
				CODE_SIGN_IDENTITY = "-";
				COPY_PHASE_STRIP = NO;
				DEBUG_INFORMATION_FORMAT = dwarf;
				ENABLE_STRICT_OBJC_MSGSEND = YES;
				GCC_C_LANGUAGE_STANDARD = gnu99;
				GCC_DYNAMIC_NO_PIC = NO;
				GCC_NO_COMMON_BLOCKS = YES;
				GCC_OPTIMIZATION_LEVEL = 0;
				GCC_PREPROCESSOR_DEFINITIONS = (
					"DEBUG=1",
					"$(inherited)",
				);
				GCC_SYMBOLS_PRIVATE_EXTERN = NO;
				GCC_WARN_64_TO_32_BIT_CONVERSION = YES;
				GCC_WARN_ABOUT_RETURN_TYPE = YES_ERROR;
				GCC_WARN_UNDECLARED_SELECTOR = YES;
				GCC_WARN_UNINITIALIZED_AUTOS = YES_AGGRESSIVE;
				GCC_WARN_UNUSED_FUNCTION = YES;
				GCC_WARN_UNUSED_VARIABLE = YES;
				MACOSX_DEPLOYMENT_TARGET = 10.10;
				MTL_ENABLE_DEBUG_INFO = YES;
				ONLY_ACTIVE_ARCH = YES;
				SDKROOT = macosx;
				SWIFT_OPTIMIZATION_LEVEL = "-Onone";
			};
			name = Debug;
		};
		832BCE861B09E4AC00FE15E2 /* Release */ = {
			isa = XCBuildConfiguration;
			buildSettings = {
				ALWAYS_SEARCH_USER_PATHS = NO;
				CLANG_CXX_LANGUAGE_STANDARD = "gnu++0x";
				CLANG_CXX_LIBRARY = "libc++";
				CLANG_ENABLE_MODULES = YES;
				CLANG_ENABLE_OBJC_ARC = YES;
				CLANG_WARN_BOOL_CONVERSION = YES;
				CLANG_WARN_CONSTANT_CONVERSION = YES;
				CLANG_WARN_DIRECT_OBJC_ISA_USAGE = YES_ERROR;
				CLANG_WARN_EMPTY_BODY = YES;
				CLANG_WARN_ENUM_CONVERSION = YES;
				CLANG_WARN_INT_CONVERSION = YES;
				CLANG_WARN_OBJC_ROOT_CLASS = YES_ERROR;
				CLANG_WARN_UNREACHABLE_CODE = YES;
				CLANG_WARN__DUPLICATE_METHOD_MATCH = YES;
				CODE_SIGN_IDENTITY = "-";
				COPY_PHASE_STRIP = NO;
				DEBUG_INFORMATION_FORMAT = "dwarf-with-dsym";
				ENABLE_NS_ASSERTIONS = NO;
				ENABLE_STRICT_OBJC_MSGSEND = YES;
				GCC_C_LANGUAGE_STANDARD = gnu99;
				GCC_NO_COMMON_BLOCKS = YES;
				GCC_WARN_64_TO_32_BIT_CONVERSION = YES;
				GCC_WARN_ABOUT_RETURN_TYPE = YES_ERROR;
				GCC_WARN_UNDECLARED_SELECTOR = YES;
				GCC_WARN_UNINITIALIZED_AUTOS = YES_AGGRESSIVE;
				GCC_WARN_UNUSED_FUNCTION = YES;
				GCC_WARN_UNUSED_VARIABLE = YES;
				MACOSX_DEPLOYMENT_TARGET = 10.10;
				MTL_ENABLE_DEBUG_INFO = NO;
				SDKROOT = macosx;
			};
			name = Release;
		};
		832BCE881B09E4AC00FE15E2 /* Debug */ = {
			isa = XCBuildConfiguration;
			buildSettings = {
				ASSETCATALOG_COMPILER_APPICON_NAME = AppIcon;
				CLANG_ENABLE_MODULES = YES;
				COMBINE_HIDPI_IMAGES = YES;
				GCC_SYMBOLS_PRIVATE_EXTERN = NO;
				INFOPLIST_FILE = "GameQ-OSX-2.0/Info.plist";
				LD_RUNPATH_SEARCH_PATHS = "$(inherited) @executable_path/../Frameworks";
				PRODUCT_NAME = "$(TARGET_NAME)";
				SWIFT_INSTALL_OBJC_HEADER = YES;
				SWIFT_OBJC_BRIDGING_HEADER = "";
				"SWIFT_OBJC_BRIDGING_HEADER[arch=*]" = "GameQ-OSX-2.0/GameQ-OSX-2.0-Bridging-Header.h";
				SWIFT_OPTIMIZATION_LEVEL = "-Onone";
			};
			name = Debug;
		};
		832BCE891B09E4AC00FE15E2 /* Release */ = {
			isa = XCBuildConfiguration;
			buildSettings = {
				ASSETCATALOG_COMPILER_APPICON_NAME = AppIcon;
				CLANG_ENABLE_MODULES = YES;
				COMBINE_HIDPI_IMAGES = YES;
				GCC_SYMBOLS_PRIVATE_EXTERN = NO;
				INFOPLIST_FILE = "GameQ-OSX-2.0/Info.plist";
				LD_RUNPATH_SEARCH_PATHS = "$(inherited) @executable_path/../Frameworks";
				PRODUCT_NAME = "$(TARGET_NAME)";
				SWIFT_INSTALL_OBJC_HEADER = YES;
				SWIFT_OBJC_BRIDGING_HEADER = "";
				"SWIFT_OBJC_BRIDGING_HEADER[arch=*]" = "GameQ-OSX-2.0/GameQ-OSX-2.0-Bridging-Header.h";
			};
			name = Release;
		};
		832BCE8B1B09E4AC00FE15E2 /* Debug */ = {
			isa = XCBuildConfiguration;
			buildSettings = {
				BUNDLE_LOADER = "";
				COMBINE_HIDPI_IMAGES = YES;
				FRAMEWORK_SEARCH_PATHS = (
					"$(DEVELOPER_FRAMEWORKS_DIR)",
					"$(inherited)",
				);
				GCC_PREPROCESSOR_DEFINITIONS = (
					"DEBUG=1",
					"$(inherited)",
				);
				INFOPLIST_FILE = "GameQ-OSX-2.0Tests/Info.plist";
				LD_RUNPATH_SEARCH_PATHS = "$(inherited) @executable_path/../Frameworks @loader_path/../Frameworks";
				PRODUCT_NAME = "$(TARGET_NAME)";
				"SWIFT_OBJC_BRIDGING_HEADER[arch=*]" = "GameQ-OSX-2.0/GameQ-OSX-2.0-Bridging-Header.h";
				SWIFT_OBJC_INTERFACE_HEADER_NAME = "GameQ_OSX_2_0-Swift.h";
				TEST_HOST = "";
			};
			name = Debug;
		};
		832BCE8C1B09E4AC00FE15E2 /* Release */ = {
			isa = XCBuildConfiguration;
			buildSettings = {
				BUNDLE_LOADER = "";
				COMBINE_HIDPI_IMAGES = YES;
				FRAMEWORK_SEARCH_PATHS = (
					"$(DEVELOPER_FRAMEWORKS_DIR)",
					"$(inherited)",
				);
				INFOPLIST_FILE = "GameQ-OSX-2.0Tests/Info.plist";
				LD_RUNPATH_SEARCH_PATHS = "$(inherited) @executable_path/../Frameworks @loader_path/../Frameworks";
				PRODUCT_NAME = "$(TARGET_NAME)";
				"SWIFT_OBJC_BRIDGING_HEADER[arch=*]" = "GameQ-OSX-2.0/GameQ-OSX-2.0-Bridging-Header.h";
				SWIFT_OBJC_INTERFACE_HEADER_NAME = "GameQ_OSX_2_0-Swift.h";
				TEST_HOST = "";
			};
			name = Release;
		};
/* End XCBuildConfiguration section */

/* Begin XCConfigurationList section */
		832BCE651B09E4AC00FE15E2 /* Build configuration list for PBXProject "GameQ-OSX-2.0" */ = {
			isa = XCConfigurationList;
			buildConfigurations = (
				832BCE851B09E4AC00FE15E2 /* Debug */,
				832BCE861B09E4AC00FE15E2 /* Release */,
			);
			defaultConfigurationIsVisible = 0;
			defaultConfigurationName = Release;
		};
		832BCE871B09E4AC00FE15E2 /* Build configuration list for PBXNativeTarget "GameQ-OSX-2.0" */ = {
			isa = XCConfigurationList;
			buildConfigurations = (
				832BCE881B09E4AC00FE15E2 /* Debug */,
				832BCE891B09E4AC00FE15E2 /* Release */,
			);
			defaultConfigurationIsVisible = 0;
			defaultConfigurationName = Release;
		};
		832BCE8A1B09E4AC00FE15E2 /* Build configuration list for PBXNativeTarget "GameQ-OSX-2.0Tests" */ = {
			isa = XCConfigurationList;
			buildConfigurations = (
				832BCE8B1B09E4AC00FE15E2 /* Debug */,
				832BCE8C1B09E4AC00FE15E2 /* Release */,
			);
			defaultConfigurationIsVisible = 0;
			defaultConfigurationName = Release;
		};
/* End XCConfigurationList section */

/* Begin XCVersionGroup section */
		832BCE711B09E4AC00FE15E2 /* GameQ_OSX_2_0.xcdatamodeld */ = {
			isa = XCVersionGroup;
			children = (
				832BCE721B09E4AC00FE15E2 /* GameQ_OSX_2_0.xcdatamodel */,
			);
			currentVersion = 832BCE721B09E4AC00FE15E2 /* GameQ_OSX_2_0.xcdatamodel */;
			path = GameQ_OSX_2_0.xcdatamodeld;
			sourceTree = "<group>";
			versionGroupType = wrapper.xcdatamodel;
		};
/* End XCVersionGroup section */
	};
	rootObject = 832BCE621B09E4AC00FE15E2 /* Project object */;
}
